// !$*UTF8*$!
{
	archiveVersion = 1;
	classes = {
	};
	objectVersion = 48;
	objects = {

/* Begin PBXBuildFile section */
		AC44194C82E887D5B602ECEE /* Pods_VGMPRadio.framework in Frameworks */ = {isa = PBXBuildFile; fileRef = B762DCDDF46B07D217175AD1 /* Pods_VGMPRadio.framework */; };
		FA0AD313201D98F30084C4F6 /* PlayShuffleTableViewCell.swift in Sources */ = {isa = PBXBuildFile; fileRef = FA0AD311201D98F30084C4F6 /* PlayShuffleTableViewCell.swift */; };
		FA0AD314201D98F30084C4F6 /* PlayShuffleTableViewCell.xib in Resources */ = {isa = PBXBuildFile; fileRef = FA0AD312201D98F30084C4F6 /* PlayShuffleTableViewCell.xib */; };
		FA6148252022DA5900EE7105 /* IPad.storyboard in Resources */ = {isa = PBXBuildFile; fileRef = FA6148232022DA5900EE7105 /* IPad.storyboard */; };
		FA67362C201C117A002DAFD7 /* ScrubBar.swift in Sources */ = {isa = PBXBuildFile; fileRef = FA67362B201C117A002DAFD7 /* ScrubBar.swift */; };
		FA673635201D4565002DAFD7 /* Localizable.strings in Resources */ = {isa = PBXBuildFile; fileRef = FA673637201D4565002DAFD7 /* Localizable.strings */; };
		FA71010C201189C300E1C9EB /* NowPlayingViewController.swift in Sources */ = {isa = PBXBuildFile; fileRef = FA71010B201189C300E1C9EB /* NowPlayingViewController.swift */; };
		FAB6279F2009C61B00D548D0 /* AppDelegate.swift in Sources */ = {isa = PBXBuildFile; fileRef = FAB6279E2009C61B00D548D0 /* AppDelegate.swift */; };
		FAB627A12009C61B00D548D0 /* MainContainerViewController.swift in Sources */ = {isa = PBXBuildFile; fileRef = FAB627A02009C61B00D548D0 /* MainContainerViewController.swift */; };
		FAB627A42009C61B00D548D0 /* Main.storyboard in Resources */ = {isa = PBXBuildFile; fileRef = FAB627A22009C61B00D548D0 /* Main.storyboard */; };
		FAB627A62009C61B00D548D0 /* Assets.xcassets in Resources */ = {isa = PBXBuildFile; fileRef = FAB627A52009C61B00D548D0 /* Assets.xcassets */; };
		FAB627A92009C61B00D548D0 /* LaunchScreen.storyboard in Resources */ = {isa = PBXBuildFile; fileRef = FAB627A72009C61B00D548D0 /* LaunchScreen.storyboard */; };
		FAB627B5200A6BB100D548D0 /* SongListViewController.swift in Sources */ = {isa = PBXBuildFile; fileRef = FAB627B4200A6BB100D548D0 /* SongListViewController.swift */; };
		FAB627B8200AD51600D548D0 /* PlaylistSelectionCell.swift in Sources */ = {isa = PBXBuildFile; fileRef = FAB627B6200AD51600D548D0 /* PlaylistSelectionCell.swift */; };
		FAB627B9200AD51600D548D0 /* PlaylistSelectionCell.xib in Resources */ = {isa = PBXBuildFile; fileRef = FAB627B7200AD51600D548D0 /* PlaylistSelectionCell.xib */; };
		FAB627BB200C770A00D548D0 /* Util.swift in Sources */ = {isa = PBXBuildFile; fileRef = FAB627BA200C770900D548D0 /* Util.swift */; };
		FAB627BD200D146300D548D0 /* VGMPRadio.swift in Sources */ = {isa = PBXBuildFile; fileRef = FAB627BC200D146300D548D0 /* VGMPRadio.swift */; };
		FAB627C7200D2AB800D548D0 /* VGMPRadio.xcdatamodeld in Sources */ = {isa = PBXBuildFile; fileRef = FAB627C5200D2AB800D548D0 /* VGMPRadio.xcdatamodeld */; };
		FAB627CE200FDF9B00D548D0 /* SongTableViewCell.swift in Sources */ = {isa = PBXBuildFile; fileRef = FAB627CC200FDF9A00D548D0 /* SongTableViewCell.swift */; };
		FAB627CF200FDF9B00D548D0 /* SongTableViewCell.xib in Resources */ = {isa = PBXBuildFile; fileRef = FAB627CD200FDF9A00D548D0 /* SongTableViewCell.xib */; };
		FAEE07682045B04400F212D8 /* ARCADECLASSIC.TTF in Resources */ = {isa = PBXBuildFile; fileRef = FAEE07672045B04400F212D8 /* ARCADECLASSIC.TTF */; };
		FAEE076E2045BCC900F212D8 /* LaunchScreenIpad.storyboard in Resources */ = {isa = PBXBuildFile; fileRef = FAEE076C2045BCC900F212D8 /* LaunchScreenIpad.storyboard */; };
/* End PBXBuildFile section */

/* Begin PBXFileReference section */
		A6D6D077D45BD069649A6133 /* Pods-VGMPRadio.debug.xcconfig */ = {isa = PBXFileReference; includeInIndex = 1; lastKnownFileType = text.xcconfig; name = "Pods-VGMPRadio.debug.xcconfig"; path = "Pods/Target Support Files/Pods-VGMPRadio/Pods-VGMPRadio.debug.xcconfig"; sourceTree = "<group>"; };
		B762DCDDF46B07D217175AD1 /* Pods_VGMPRadio.framework */ = {isa = PBXFileReference; explicitFileType = wrapper.framework; includeInIndex = 0; path = Pods_VGMPRadio.framework; sourceTree = BUILT_PRODUCTS_DIR; };
		F1E0310DEC4EDD52629B84D5 /* Pods-VGMPRadio.release.xcconfig */ = {isa = PBXFileReference; includeInIndex = 1; lastKnownFileType = text.xcconfig; name = "Pods-VGMPRadio.release.xcconfig"; path = "Pods/Target Support Files/Pods-VGMPRadio/Pods-VGMPRadio.release.xcconfig"; sourceTree = "<group>"; };
		FA0AD311201D98F30084C4F6 /* PlayShuffleTableViewCell.swift */ = {isa = PBXFileReference; lastKnownFileType = sourcecode.swift; path = PlayShuffleTableViewCell.swift; sourceTree = "<group>"; };
		FA0AD312201D98F30084C4F6 /* PlayShuffleTableViewCell.xib */ = {isa = PBXFileReference; lastKnownFileType = file.xib; path = PlayShuffleTableViewCell.xib; sourceTree = "<group>"; };
		FA6148242022DA5900EE7105 /* Base */ = {isa = PBXFileReference; lastKnownFileType = file.storyboard; name = Base; path = Base.lproj/IPad.storyboard; sourceTree = "<group>"; };
		FA67362B201C117A002DAFD7 /* ScrubBar.swift */ = {isa = PBXFileReference; lastKnownFileType = sourcecode.swift; path = ScrubBar.swift; sourceTree = "<group>"; };
		FA673631201D4513002DAFD7 /* en-CA */ = {isa = PBXFileReference; lastKnownFileType = text.plist.strings; name = "en-CA"; path = "en-CA.lproj/Main.strings"; sourceTree = "<group>"; };
		FA673632201D4513002DAFD7 /* en-CA */ = {isa = PBXFileReference; lastKnownFileType = text.plist.strings; name = "en-CA"; path = "en-CA.lproj/LaunchScreen.strings"; sourceTree = "<group>"; };
		FA673638201D4566002DAFD7 /* en-CA */ = {isa = PBXFileReference; lastKnownFileType = text.plist.strings; name = "en-CA"; path = "en-CA.lproj/Localizable.strings"; sourceTree = "<group>"; };
		FA673639201D46CD002DAFD7 /* en-GB */ = {isa = PBXFileReference; lastKnownFileType = text.plist.strings; name = "en-GB"; path = "en-GB.lproj/Main.strings"; sourceTree = "<group>"; };
		FA67363A201D46CE002DAFD7 /* en-GB */ = {isa = PBXFileReference; lastKnownFileType = text.plist.strings; name = "en-GB"; path = "en-GB.lproj/LaunchScreen.strings"; sourceTree = "<group>"; };
		FA67363B201D46E0002DAFD7 /* en-GB */ = {isa = PBXFileReference; lastKnownFileType = text.plist.strings; name = "en-GB"; path = "en-GB.lproj/Localizable.strings"; sourceTree = "<group>"; };
		FA67363C201D4713002DAFD7 /* en-001 */ = {isa = PBXFileReference; lastKnownFileType = text.plist.strings; name = "en-001"; path = "en-001.lproj/Main.strings"; sourceTree = "<group>"; };
		FA67363D201D4713002DAFD7 /* en-001 */ = {isa = PBXFileReference; lastKnownFileType = text.plist.strings; name = "en-001"; path = "en-001.lproj/LaunchScreen.strings"; sourceTree = "<group>"; };
		FA67363E201D4716002DAFD7 /* Base */ = {isa = PBXFileReference; lastKnownFileType = text.plist.strings; name = Base; path = Base.lproj/Localizable.strings; sourceTree = "<group>"; };
		FA67363F201D471D002DAFD7 /* en-001 */ = {isa = PBXFileReference; lastKnownFileType = text.plist.strings; name = "en-001"; path = "en-001.lproj/Localizable.strings"; sourceTree = "<group>"; };
		FA71010B201189C300E1C9EB /* NowPlayingViewController.swift */ = {isa = PBXFileReference; lastKnownFileType = sourcecode.swift; path = NowPlayingViewController.swift; sourceTree = "<group>"; };
		FAB6279B2009C61B00D548D0 /* VGMPRadio.app */ = {isa = PBXFileReference; explicitFileType = wrapper.application; includeInIndex = 0; path = VGMPRadio.app; sourceTree = BUILT_PRODUCTS_DIR; };
		FAB6279E2009C61B00D548D0 /* AppDelegate.swift */ = {isa = PBXFileReference; lastKnownFileType = sourcecode.swift; path = AppDelegate.swift; sourceTree = "<group>"; };
		FAB627A02009C61B00D548D0 /* MainContainerViewController.swift */ = {isa = PBXFileReference; lastKnownFileType = sourcecode.swift; path = MainContainerViewController.swift; sourceTree = "<group>"; };
		FAB627A32009C61B00D548D0 /* Base */ = {isa = PBXFileReference; lastKnownFileType = file.storyboard; name = Base; path = Base.lproj/Main.storyboard; sourceTree = "<group>"; };
		FAB627A52009C61B00D548D0 /* Assets.xcassets */ = {isa = PBXFileReference; lastKnownFileType = folder.assetcatalog; path = Assets.xcassets; sourceTree = "<group>"; };
		FAB627A82009C61B00D548D0 /* Base */ = {isa = PBXFileReference; lastKnownFileType = file.storyboard; name = Base; path = Base.lproj/LaunchScreen.storyboard; sourceTree = "<group>"; };
		FAB627AA2009C61B00D548D0 /* Info.plist */ = {isa = PBXFileReference; lastKnownFileType = text.plist.xml; path = Info.plist; sourceTree = "<group>"; };
		FAB627B4200A6BB100D548D0 /* SongListViewController.swift */ = {isa = PBXFileReference; lastKnownFileType = sourcecode.swift; path = SongListViewController.swift; sourceTree = "<group>"; };
		FAB627B6200AD51600D548D0 /* PlaylistSelectionCell.swift */ = {isa = PBXFileReference; lastKnownFileType = sourcecode.swift; path = PlaylistSelectionCell.swift; sourceTree = "<group>"; };
		FAB627B7200AD51600D548D0 /* PlaylistSelectionCell.xib */ = {isa = PBXFileReference; lastKnownFileType = file.xib; path = PlaylistSelectionCell.xib; sourceTree = "<group>"; };
		FAB627BA200C770900D548D0 /* Util.swift */ = {isa = PBXFileReference; lastKnownFileType = sourcecode.swift; path = Util.swift; sourceTree = "<group>"; };
		FAB627BC200D146300D548D0 /* VGMPRadio.swift */ = {isa = PBXFileReference; lastKnownFileType = sourcecode.swift; path = VGMPRadio.swift; sourceTree = "<group>"; };
		FAB627C6200D2AB800D548D0 /* VGMPRadio.xcdatamodel */ = {isa = PBXFileReference; lastKnownFileType = wrapper.xcdatamodel; path = VGMPRadio.xcdatamodel; sourceTree = "<group>"; };
		FAB627CC200FDF9A00D548D0 /* SongTableViewCell.swift */ = {isa = PBXFileReference; lastKnownFileType = sourcecode.swift; path = SongTableViewCell.swift; sourceTree = "<group>"; };
		FAB627CD200FDF9A00D548D0 /* SongTableViewCell.xib */ = {isa = PBXFileReference; lastKnownFileType = file.xib; path = SongTableViewCell.xib; sourceTree = "<group>"; };
		FAEE07672045B04400F212D8 /* ARCADECLASSIC.TTF */ = {isa = PBXFileReference; lastKnownFileType = file; path = ARCADECLASSIC.TTF; sourceTree = "<group>"; };
		FAEE076D2045BCC900F212D8 /* Base */ = {isa = PBXFileReference; lastKnownFileType = file.storyboard; name = Base; path = Base.lproj/LaunchScreenIpad.storyboard; sourceTree = "<group>"; };
/* End PBXFileReference section */

/* Begin PBXFrameworksBuildPhase section */
		FAB627982009C61A00D548D0 /* Frameworks */ = {
			isa = PBXFrameworksBuildPhase;
			buildActionMask = 2147483647;
			files = (
				AC44194C82E887D5B602ECEE /* Pods_VGMPRadio.framework in Frameworks */,
			);
			runOnlyForDeploymentPostprocessing = 0;
		};
/* End PBXFrameworksBuildPhase section */

/* Begin PBXGroup section */
		145288F9F393A064A32E8312 /* Frameworks */ = {
			isa = PBXGroup;
			children = (
				B762DCDDF46B07D217175AD1 /* Pods_VGMPRadio.framework */,
			);
			name = Frameworks;
			sourceTree = "<group>";
		};
		EF5661876FEA6409698F70AA /* Pods */ = {
			isa = PBXGroup;
			children = (
				A6D6D077D45BD069649A6133 /* Pods-VGMPRadio.debug.xcconfig */,
				F1E0310DEC4EDD52629B84D5 /* Pods-VGMPRadio.release.xcconfig */,
			);
			name = Pods;
			sourceTree = "<group>";
		};
		FAB627922009C61A00D548D0 = {
			isa = PBXGroup;
			children = (
				FAEE07672045B04400F212D8 /* ARCADECLASSIC.TTF */,
				FAB627C5200D2AB800D548D0 /* VGMPRadio.xcdatamodeld */,
				FAB6279D2009C61B00D548D0 /* VGMPRadio */,
				FAB6279C2009C61B00D548D0 /* Products */,
				EF5661876FEA6409698F70AA /* Pods */,
				145288F9F393A064A32E8312 /* Frameworks */,
			);
			sourceTree = "<group>";
		};
		FAB6279C2009C61B00D548D0 /* Products */ = {
			isa = PBXGroup;
			children = (
				FAB6279B2009C61B00D548D0 /* VGMPRadio.app */,
			);
			name = Products;
			sourceTree = "<group>";
		};
		FAB6279D2009C61B00D548D0 /* VGMPRadio */ = {
			isa = PBXGroup;
			children = (
				FAB627BE200D1DE300D548D0 /* Model */,
				FAB6279E2009C61B00D548D0 /* AppDelegate.swift */,
				FAB627A22009C61B00D548D0 /* Main.storyboard */,
				FAB627A52009C61B00D548D0 /* Assets.xcassets */,
				FAB627A72009C61B00D548D0 /* LaunchScreen.storyboard */,
				FAB627AA2009C61B00D548D0 /* Info.plist */,
				FAB627C0200D1E1700D548D0 /* Cells */,
				FAB627BF200D1DF500D548D0 /* View Controllers */,
				FAB627BA200C770900D548D0 /* Util.swift */,
				FA67362B201C117A002DAFD7 /* ScrubBar.swift */,
				FA673637201D4565002DAFD7 /* Localizable.strings */,
				FA6148232022DA5900EE7105 /* IPad.storyboard */,
				FAEE076C2045BCC900F212D8 /* LaunchScreenIpad.storyboard */,
			);
			path = VGMPRadio;
			sourceTree = "<group>";
		};
		FAB627BE200D1DE300D548D0 /* Model */ = {
			isa = PBXGroup;
			children = (
				FAB627BC200D146300D548D0 /* VGMPRadio.swift */,
			);
			path = Model;
			sourceTree = "<group>";
		};
		FAB627BF200D1DF500D548D0 /* View Controllers */ = {
			isa = PBXGroup;
			children = (
				FAB627A02009C61B00D548D0 /* MainContainerViewController.swift */,
				FAB627B4200A6BB100D548D0 /* SongListViewController.swift */,
				FA71010B201189C300E1C9EB /* NowPlayingViewController.swift */,
			);
			path = "View Controllers";
			sourceTree = "<group>";
		};
		FAB627C0200D1E1700D548D0 /* Cells */ = {
			isa = PBXGroup;
			children = (
				FAB627B6200AD51600D548D0 /* PlaylistSelectionCell.swift */,
				FAB627B7200AD51600D548D0 /* PlaylistSelectionCell.xib */,
				FAB627CC200FDF9A00D548D0 /* SongTableViewCell.swift */,
				FAB627CD200FDF9A00D548D0 /* SongTableViewCell.xib */,
				FA0AD311201D98F30084C4F6 /* PlayShuffleTableViewCell.swift */,
				FA0AD312201D98F30084C4F6 /* PlayShuffleTableViewCell.xib */,
			);
			path = Cells;
			sourceTree = "<group>";
		};
/* End PBXGroup section */

/* Begin PBXNativeTarget section */
		FAB6279A2009C61A00D548D0 /* VGMPRadio */ = {
			isa = PBXNativeTarget;
			buildConfigurationList = FAB627AD2009C61B00D548D0 /* Build configuration list for PBXNativeTarget "VGMPRadio" */;
			buildPhases = (
				8B507662C1D2B1673403D44E /* [CP] Check Pods Manifest.lock */,
				FAB627972009C61A00D548D0 /* Sources */,
				FAB627982009C61A00D548D0 /* Frameworks */,
				FAB627992009C61A00D548D0 /* Resources */,
				845D61D4455981DA98364F7C /* [CP] Embed Pods Frameworks */,
				C04856E67DE1EA9682CE7B0F /* [CP] Copy Pods Resources */,
				FA0AD31520203B760084C4F6 /* ShellScript */,
			);
			buildRules = (
			);
			dependencies = (
			);
			name = VGMPRadio;
			productName = VGMPRadio;
			productReference = FAB6279B2009C61B00D548D0 /* VGMPRadio.app */;
			productType = "com.apple.product-type.application";
		};
/* End PBXNativeTarget section */

/* Begin PBXProject section */
		FAB627932009C61A00D548D0 /* Project object */ = {
			isa = PBXProject;
			attributes = {
				LastSwiftUpdateCheck = 0920;
				LastUpgradeCheck = 0920;
				ORGANIZATIONNAME = "Alex Busman";
				TargetAttributes = {
					FAB6279A2009C61A00D548D0 = {
						CreatedOnToolsVersion = 9.2;
						ProvisioningStyle = Automatic;
						SystemCapabilities = {
							com.apple.BackgroundModes = {
								enabled = 1;
							};
						};
					};
				};
			};
			buildConfigurationList = FAB627962009C61A00D548D0 /* Build configuration list for PBXProject "VGMPRadio" */;
			compatibilityVersion = "Xcode 8.0";
			developmentRegion = en;
			hasScannedForEncodings = 0;
			knownRegions = (
				en,
				Base,
				"en-CA",
				"en-GB",
				"en-001",
			);
			mainGroup = FAB627922009C61A00D548D0;
			productRefGroup = FAB6279C2009C61B00D548D0 /* Products */;
			projectDirPath = "";
			projectRoot = "";
			targets = (
				FAB6279A2009C61A00D548D0 /* VGMPRadio */,
			);
		};
/* End PBXProject section */

/* Begin PBXResourcesBuildPhase section */
		FAB627992009C61A00D548D0 /* Resources */ = {
			isa = PBXResourcesBuildPhase;
			buildActionMask = 2147483647;
			files = (
				FAEE07682045B04400F212D8 /* ARCADECLASSIC.TTF in Resources */,
				FAB627CF200FDF9B00D548D0 /* SongTableViewCell.xib in Resources */,
				FA673635201D4565002DAFD7 /* Localizable.strings in Resources */,
				FA0AD314201D98F30084C4F6 /* PlayShuffleTableViewCell.xib in Resources */,
				FAB627A92009C61B00D548D0 /* LaunchScreen.storyboard in Resources */,
				FA6148252022DA5900EE7105 /* IPad.storyboard in Resources */,
				FAB627A62009C61B00D548D0 /* Assets.xcassets in Resources */,
				FAB627B9200AD51600D548D0 /* PlaylistSelectionCell.xib in Resources */,
				FAB627A42009C61B00D548D0 /* Main.storyboard in Resources */,
				FAEE076E2045BCC900F212D8 /* LaunchScreenIpad.storyboard in Resources */,
			);
			runOnlyForDeploymentPostprocessing = 0;
		};
/* End PBXResourcesBuildPhase section */

/* Begin PBXShellScriptBuildPhase section */
		845D61D4455981DA98364F7C /* [CP] Embed Pods Frameworks */ = {
			isa = PBXShellScriptBuildPhase;
			buildActionMask = 2147483647;
			files = (
			);
			inputPaths = (
			);
			name = "[CP] Embed Pods Frameworks";
			outputPaths = (
			);
			runOnlyForDeploymentPostprocessing = 0;
			shellPath = /bin/sh;
			shellScript = "\"${SRCROOT}/Pods/Target Support Files/Pods-VGMPRadio/Pods-VGMPRadio-frameworks.sh\"\n";
			showEnvVarsInLog = 0;
		};
		8B507662C1D2B1673403D44E /* [CP] Check Pods Manifest.lock */ = {
			isa = PBXShellScriptBuildPhase;
			buildActionMask = 2147483647;
			files = (
			);
			inputPaths = (
			);
			name = "[CP] Check Pods Manifest.lock";
			outputPaths = (
			);
			runOnlyForDeploymentPostprocessing = 0;
			shellPath = /bin/sh;
			shellScript = "diff \"${PODS_PODFILE_DIR_PATH}/Podfile.lock\" \"${PODS_ROOT}/Manifest.lock\" > /dev/null\nif [ $? != 0 ] ; then\n    # print error to STDERR\n    echo \"error: The sandbox is not in sync with the Podfile.lock. Run 'pod install' or update your CocoaPods installation.\" >&2\n    exit 1\nfi\n";
			showEnvVarsInLog = 0;
		};
		C04856E67DE1EA9682CE7B0F /* [CP] Copy Pods Resources */ = {
			isa = PBXShellScriptBuildPhase;
			buildActionMask = 2147483647;
			files = (
			);
			inputPaths = (
			);
			name = "[CP] Copy Pods Resources";
			outputPaths = (
			);
			runOnlyForDeploymentPostprocessing = 0;
			shellPath = /bin/sh;
			shellScript = "\"${SRCROOT}/Pods/Target Support Files/Pods-VGMPRadio/Pods-VGMPRadio-resources.sh\"\n";
			showEnvVarsInLog = 0;
		};
		FA0AD31520203B760084C4F6 /* ShellScript */ = {
			isa = PBXShellScriptBuildPhase;
			buildActionMask = 2147483647;
			files = (
			);
			inputPaths = (
			);
			outputPaths = (
			);
			runOnlyForDeploymentPostprocessing = 0;
			shellPath = /bin/sh;
			shellScript = "\"${PODS_ROOT}/Fabric/run\" d6ea496ed95a9f128495250bae1780e3eba1e7ae 864f2b8b775cb2f1a273a7791115a60e1070d062c9aa166df58e296238718ebd";
		};
/* End PBXShellScriptBuildPhase section */

/* Begin PBXSourcesBuildPhase section */
		FAB627972009C61A00D548D0 /* Sources */ = {
			isa = PBXSourcesBuildPhase;
			buildActionMask = 2147483647;
			files = (
				FAB627B8200AD51600D548D0 /* PlaylistSelectionCell.swift in Sources */,
				FA67362C201C117A002DAFD7 /* ScrubBar.swift in Sources */,
				FA0AD313201D98F30084C4F6 /* PlayShuffleTableViewCell.swift in Sources */,
				FA71010C201189C300E1C9EB /* NowPlayingViewController.swift in Sources */,
				FAB627BB200C770A00D548D0 /* Util.swift in Sources */,
				FAB627BD200D146300D548D0 /* VGMPRadio.swift in Sources */,
				FAB627A12009C61B00D548D0 /* MainContainerViewController.swift in Sources */,
				FAB627CE200FDF9B00D548D0 /* SongTableViewCell.swift in Sources */,
				FAB627B5200A6BB100D548D0 /* SongListViewController.swift in Sources */,
				FAB627C7200D2AB800D548D0 /* VGMPRadio.xcdatamodeld in Sources */,
				FAB6279F2009C61B00D548D0 /* AppDelegate.swift in Sources */,
			);
			runOnlyForDeploymentPostprocessing = 0;
		};
/* End PBXSourcesBuildPhase section */

/* Begin PBXVariantGroup section */
		FA6148232022DA5900EE7105 /* IPad.storyboard */ = {
			isa = PBXVariantGroup;
			children = (
				FA6148242022DA5900EE7105 /* Base */,
			);
			name = IPad.storyboard;
			sourceTree = "<group>";
		};
		FA673637201D4565002DAFD7 /* Localizable.strings */ = {
			isa = PBXVariantGroup;
			children = (
				FA673638201D4566002DAFD7 /* en-CA */,
				FA67363B201D46E0002DAFD7 /* en-GB */,
				FA67363E201D4716002DAFD7 /* Base */,
				FA67363F201D471D002DAFD7 /* en-001 */,
			);
			name = Localizable.strings;
			sourceTree = "<group>";
		};
		FAB627A22009C61B00D548D0 /* Main.storyboard */ = {
			isa = PBXVariantGroup;
			children = (
				FAB627A32009C61B00D548D0 /* Base */,
				FA673631201D4513002DAFD7 /* en-CA */,
				FA673639201D46CD002DAFD7 /* en-GB */,
				FA67363C201D4713002DAFD7 /* en-001 */,
			);
			name = Main.storyboard;
			sourceTree = "<group>";
		};
		FAB627A72009C61B00D548D0 /* LaunchScreen.storyboard */ = {
			isa = PBXVariantGroup;
			children = (
				FAB627A82009C61B00D548D0 /* Base */,
				FA673632201D4513002DAFD7 /* en-CA */,
				FA67363A201D46CE002DAFD7 /* en-GB */,
				FA67363D201D4713002DAFD7 /* en-001 */,
			);
			name = LaunchScreen.storyboard;
			sourceTree = "<group>";
		};
		FAEE076C2045BCC900F212D8 /* LaunchScreenIpad.storyboard */ = {
			isa = PBXVariantGroup;
			children = (
				FAEE076D2045BCC900F212D8 /* Base */,
			);
			name = LaunchScreenIpad.storyboard;
			sourceTree = "<group>";
		};
/* End PBXVariantGroup section */

/* Begin XCBuildConfiguration section */
		FAB627AB2009C61B00D548D0 /* Debug */ = {
			isa = XCBuildConfiguration;
			buildSettings = {
				ALWAYS_SEARCH_USER_PATHS = NO;
				CLANG_ANALYZER_LOCALIZABILITY_NONLOCALIZED = YES;
				CLANG_ANALYZER_NONNULL = YES;
				CLANG_ANALYZER_NUMBER_OBJECT_CONVERSION = YES_AGGRESSIVE;
				CLANG_CXX_LANGUAGE_STANDARD = "gnu++14";
				CLANG_CXX_LIBRARY = "libc++";
				CLANG_ENABLE_MODULES = YES;
				CLANG_ENABLE_OBJC_ARC = YES;
				CLANG_WARN_BLOCK_CAPTURE_AUTORELEASING = YES;
				CLANG_WARN_BOOL_CONVERSION = YES;
				CLANG_WARN_COMMA = YES;
				CLANG_WARN_CONSTANT_CONVERSION = YES;
				CLANG_WARN_DIRECT_OBJC_ISA_USAGE = YES_ERROR;
				CLANG_WARN_DOCUMENTATION_COMMENTS = YES;
				CLANG_WARN_EMPTY_BODY = YES;
				CLANG_WARN_ENUM_CONVERSION = YES;
				CLANG_WARN_INFINITE_RECURSION = YES;
				CLANG_WARN_INT_CONVERSION = YES;
				CLANG_WARN_NON_LITERAL_NULL_CONVERSION = YES;
				CLANG_WARN_OBJC_LITERAL_CONVERSION = YES;
				CLANG_WARN_OBJC_ROOT_CLASS = YES_ERROR;
				CLANG_WARN_RANGE_LOOP_ANALYSIS = YES;
				CLANG_WARN_STRICT_PROTOTYPES = YES;
				CLANG_WARN_SUSPICIOUS_MOVE = YES;
				CLANG_WARN_UNGUARDED_AVAILABILITY = YES_AGGRESSIVE;
				CLANG_WARN_UNREACHABLE_CODE = YES;
				CLANG_WARN__DUPLICATE_METHOD_MATCH = YES;
				CODE_SIGN_IDENTITY = "iPhone Developer";
				COPY_PHASE_STRIP = NO;
				DEBUG_INFORMATION_FORMAT = dwarf;
				ENABLE_STRICT_OBJC_MSGSEND = YES;
				ENABLE_TESTABILITY = YES;
				GCC_C_LANGUAGE_STANDARD = gnu11;
				GCC_DYNAMIC_NO_PIC = NO;
				GCC_NO_COMMON_BLOCKS = YES;
				GCC_OPTIMIZATION_LEVEL = 0;
				GCC_PREPROCESSOR_DEFINITIONS = (
					"DEBUG=1",
					"$(inherited)",
				);
				GCC_WARN_64_TO_32_BIT_CONVERSION = YES;
				GCC_WARN_ABOUT_RETURN_TYPE = YES_ERROR;
				GCC_WARN_UNDECLARED_SELECTOR = YES;
				GCC_WARN_UNINITIALIZED_AUTOS = YES_AGGRESSIVE;
				GCC_WARN_UNUSED_FUNCTION = YES;
				GCC_WARN_UNUSED_VARIABLE = YES;
				IPHONEOS_DEPLOYMENT_TARGET = 10.2;
				MTL_ENABLE_DEBUG_INFO = YES;
				ONLY_ACTIVE_ARCH = YES;
				SDKROOT = iphoneos;
				SWIFT_ACTIVE_COMPILATION_CONDITIONS = DEBUG;
				SWIFT_OPTIMIZATION_LEVEL = "-Onone";
			};
			name = Debug;
		};
		FAB627AC2009C61B00D548D0 /* Release */ = {
			isa = XCBuildConfiguration;
			buildSettings = {
				ALWAYS_SEARCH_USER_PATHS = NO;
				CLANG_ANALYZER_LOCALIZABILITY_NONLOCALIZED = YES;
				CLANG_ANALYZER_NONNULL = YES;
				CLANG_ANALYZER_NUMBER_OBJECT_CONVERSION = YES_AGGRESSIVE;
				CLANG_CXX_LANGUAGE_STANDARD = "gnu++14";
				CLANG_CXX_LIBRARY = "libc++";
				CLANG_ENABLE_MODULES = YES;
				CLANG_ENABLE_OBJC_ARC = YES;
				CLANG_WARN_BLOCK_CAPTURE_AUTORELEASING = YES;
				CLANG_WARN_BOOL_CONVERSION = YES;
				CLANG_WARN_COMMA = YES;
				CLANG_WARN_CONSTANT_CONVERSION = YES;
				CLANG_WARN_DIRECT_OBJC_ISA_USAGE = YES_ERROR;
				CLANG_WARN_DOCUMENTATION_COMMENTS = YES;
				CLANG_WARN_EMPTY_BODY = YES;
				CLANG_WARN_ENUM_CONVERSION = YES;
				CLANG_WARN_INFINITE_RECURSION = YES;
				CLANG_WARN_INT_CONVERSION = YES;
				CLANG_WARN_NON_LITERAL_NULL_CONVERSION = YES;
				CLANG_WARN_OBJC_LITERAL_CONVERSION = YES;
				CLANG_WARN_OBJC_ROOT_CLASS = YES_ERROR;
				CLANG_WARN_RANGE_LOOP_ANALYSIS = YES;
				CLANG_WARN_STRICT_PROTOTYPES = YES;
				CLANG_WARN_SUSPICIOUS_MOVE = YES;
				CLANG_WARN_UNGUARDED_AVAILABILITY = YES_AGGRESSIVE;
				CLANG_WARN_UNREACHABLE_CODE = YES;
				CLANG_WARN__DUPLICATE_METHOD_MATCH = YES;
				CODE_SIGN_IDENTITY = "iPhone Developer";
				COPY_PHASE_STRIP = NO;
				DEBUG_INFORMATION_FORMAT = "dwarf-with-dsym";
				ENABLE_NS_ASSERTIONS = NO;
				ENABLE_STRICT_OBJC_MSGSEND = YES;
				GCC_C_LANGUAGE_STANDARD = gnu11;
				GCC_NO_COMMON_BLOCKS = YES;
				GCC_WARN_64_TO_32_BIT_CONVERSION = YES;
				GCC_WARN_ABOUT_RETURN_TYPE = YES_ERROR;
				GCC_WARN_UNDECLARED_SELECTOR = YES;
				GCC_WARN_UNINITIALIZED_AUTOS = YES_AGGRESSIVE;
				GCC_WARN_UNUSED_FUNCTION = YES;
				GCC_WARN_UNUSED_VARIABLE = YES;
				IPHONEOS_DEPLOYMENT_TARGET = 10.2;
				MTL_ENABLE_DEBUG_INFO = NO;
				SDKROOT = iphoneos;
				SWIFT_OPTIMIZATION_LEVEL = "-Owholemodule";
				VALIDATE_PRODUCT = YES;
			};
			name = Release;
		};
		FAB627AE2009C61B00D548D0 /* Debug */ = {
			isa = XCBuildConfiguration;
			baseConfigurationReference = A6D6D077D45BD069649A6133 /* Pods-VGMPRadio.debug.xcconfig */;
			buildSettings = {
				ASSETCATALOG_COMPILER_APPICON_NAME = AppIcon;
				CODE_SIGN_IDENTITY = "iPhone Developer";
				"CODE_SIGN_IDENTITY[sdk=iphoneos*]" = "iPhone Developer";
				CODE_SIGN_STYLE = Automatic;
				DEVELOPMENT_TEAM = D9J98STRHA;
				INFOPLIST_FILE = VGMPRadio/Info.plist;
				IPHONEOS_DEPLOYMENT_TARGET = 10.3;
				LD_RUNPATH_SEARCH_PATHS = "$(inherited) @executable_path/Frameworks";
				PRODUCT_BUNDLE_IDENTIFIER = com.abusman.VGMPRadio;
				PRODUCT_NAME = "$(TARGET_NAME)";
				PROVISIONING_PROFILE_SPECIFIER = "";
				SWIFT_VERSION = 4.0;
				TARGETED_DEVICE_FAMILY = "1,2";
			};
			name = Debug;
		};
		FAB627AF2009C61B00D548D0 /* Release */ = {
			isa = XCBuildConfiguration;
			baseConfigurationReference = F1E0310DEC4EDD52629B84D5 /* Pods-VGMPRadio.release.xcconfig */;
			buildSettings = {
				ASSETCATALOG_COMPILER_APPICON_NAME = AppIcon;
				CODE_SIGN_IDENTITY = "iPhone Developer";
				"CODE_SIGN_IDENTITY[sdk=iphoneos*]" = "iPhone Developer";
				CODE_SIGN_STYLE = Automatic;
				DEVELOPMENT_TEAM = D9J98STRHA;
				INFOPLIST_FILE = VGMPRadio/Info.plist;
				IPHONEOS_DEPLOYMENT_TARGET = 10.3;
				LD_RUNPATH_SEARCH_PATHS = "$(inherited) @executable_path/Frameworks";
				PRODUCT_BUNDLE_IDENTIFIER = com.abusman.VGMPRadio;
				PRODUCT_NAME = "$(TARGET_NAME)";
				PROVISIONING_PROFILE_SPECIFIER = "";
				SWIFT_VERSION = 4.0;
				TARGETED_DEVICE_FAMILY = "1,2";
			};
			name = Release;
		};
/* End XCBuildConfiguration section */

/* Begin XCConfigurationList section */
		FAB627962009C61A00D548D0 /* Build configuration list for PBXProject "VGMPRadio" */ = {
			isa = XCConfigurationList;
			buildConfigurations = (
				FAB627AB2009C61B00D548D0 /* Debug */,
				FAB627AC2009C61B00D548D0 /* Release */,
			);
			defaultConfigurationIsVisible = 0;
			defaultConfigurationName = Release;
		};
		FAB627AD2009C61B00D548D0 /* Build configuration list for PBXNativeTarget "VGMPRadio" */ = {
			isa = XCConfigurationList;
			buildConfigurations = (
				FAB627AE2009C61B00D548D0 /* Debug */,
				FAB627AF2009C61B00D548D0 /* Release */,
			);
			defaultConfigurationIsVisible = 0;
			defaultConfigurationName = Release;
		};
/* End XCConfigurationList section */

/* Begin XCVersionGroup section */
		FAB627C5200D2AB800D548D0 /* VGMPRadio.xcdatamodeld */ = {
			isa = XCVersionGroup;
			children = (
				FAB627C6200D2AB800D548D0 /* VGMPRadio.xcdatamodel */,
			);
			currentVersion = FAB627C6200D2AB800D548D0 /* VGMPRadio.xcdatamodel */;
			path = VGMPRadio.xcdatamodeld;
			sourceTree = "<group>";
			versionGroupType = wrapper.xcdatamodel;
		};
/* End XCVersionGroup section */
	};
	rootObject = FAB627932009C61A00D548D0 /* Project object */;
}
